<?xml version="1.0" encoding="UTF-8" standalone="yes" ?>
<CodeBlocks_project_file>
	<FileVersion major="1" minor="6" />
	<Project>
		<Option title="projetCPP" />
		<Option pch_mode="2" />
		<Option compiler="gcc" />
		<Build>
			<Target title="Debug">
				<Option output="bin/Debug/projetCPP" prefix_auto="1" extension_auto="1" />
				<Option object_output="obj/Debug/" />
				<Option type="1" />
				<Option compiler="gcc" />
				<Compiler>
					<Add option="-g" />
					<Add directory="include" />
				</Compiler>
			</Target>
			<Target title="Release">
				<Option output="bin/Release/projetCPP" prefix_auto="1" extension_auto="1" />
				<Option object_output="obj/Release/" />
				<Option type="1" />
				<Option compiler="gcc" />
				<Compiler>
					<Add option="-O2" />
					<Add directory="include" />
				</Compiler>
				<Linker>
					<Add option="-s" />
				</Linker>
			</Target>
		</Build>
		<Compiler>
			<Add option="-Wall" />
			<Add option="-fexceptions" />
		</Compiler>
		<Unit filename="Private/private.cpp" />
		<Unit filename="Private/private.h" />
		<Unit filename="Pro/pro.cpp" />
		<Unit filename="Pro/pro.h" />
		<Unit filename="bdd_funcs.cpp" />
		<Unit filename="bdd_funcs.h" />
		<Unit filename="contact/contact.cpp" />
		<Unit filename="contact/contact.h" />
		<Unit filename="databaseHandler/databaseHandler.cpp" />
		<Unit filename="databaseHandler/databaseHandler.h" />
		<Unit filename="include/app.h" />
		<Unit filename="main.cpp" />
		<Unit filename="menu.cpp">
			<Option target="&lt;{~None~}&gt;" />
		</Unit>
		<Unit filename="menu.h" />
		<Unit filename="sqlite3.c">
			<Option compilerVar="CC" />
		</Unit>
		<Unit filename="sqlite3.h" />
		<Unit filename="sqlite3ext.h" />
		<Unit filename="src/app.cpp" />
		<Extensions />
	</Project>
</CodeBlocks_project_file>
